<Solution>
  <Configurations>
    <Platform Name="x64" />
    <Platform Name="x86" />
  </Configurations>
  <Project Path="../../../../../Desktop/github_wy/byyl/LL1/byyl.vcxproj" Id="ffccdfe9-1802-43c5-96be-edec62f8ad26" />
  <Project Path="../../../../../Desktop/github_wy/byyl/LR0/LR0.vcxproj" Id="99032816-716b-4b3c-a1dd-b7c61132cab0" />
  <Project Path="../../../../../Desktop/github_wy/byyl/SLR/SLR.vcxproj" Id="1a3b1c52-eebc-4da7-899d-eb92a5d5440b" />
  <Project Path="AST/AST.vcxproj" Id="aefaf32d-ad56-423a-abb9-55cf44156fb0" />
  <Project Path="LR1/LR1.vcxproj" Id="937eceb3-e9f4-4051-9e2b-f2e3172250c4" />
</Solution>
